
Microsoft Visual Studio Solution File, Format Version 12.00
# Visual Studio Version 17
VisualStudioVersion = 17.14.36511.14
MinimumVisualStudioVersion = 10.0.40219.1
Project("{FAE04EC0-301F-11D3-BF4B-00C04F79EFBC}") = "API_Interface", "API_Interface.csproj", "{2E74FD46-C232-45BD-AD41-BACB37DB1C5A}"
EndProject
Global
	GlobalSection(SolutionConfigurationPlatforms) = preSolution
		Debug|Any CPU = Debug|Any CPU
		Release|Any CPU = Release|Any CPU
	EndGlobalSection
	GlobalSection(ProjectConfigurationPlatforms) = postSolution
		{2E74FD46-C232-45BD-AD41-BACB37DB1C5A}.Debug|Any CPU.ActiveCfg = Debug|Any CPU
		{2E74FD46-C232-45BD-AD41-BACB37DB1C5A}.Debug|Any CPU.Build.0 = Debug|Any CPU
		{2E74FD46-C232-45BD-AD41-BACB37DB1C5A}.Release|Any CPU.ActiveCfg = Release|Any CPU
		{2E74FD46-C232-45BD-AD41-BACB37DB1C5A}.Release|Any CPU.Build.0 = Release|Any CPU
	EndGlobalSection
	GlobalSection(SolutionProperties) = preSolution
		HideSolutionNode = FALSE
	EndGlobalSection
	GlobalSection(ExtensibilityGlobals) = postSolution
		SolutionGuid = {1DE06DDD-1F62-4478-940F-BD5127100B07}
	EndGlobalSection
EndGlobal
